schema: '2.0'
stages:
  data_ingestion:
    cmd: python3 -m src.components.data_ingestion
    deps:
    - path: src/components/data_ingestion.py
      hash: md5
      md5: 4179c10b6f122c1861bd2f162b53f893
      size: 1268
    outs:
    - path: artifacts/DataIngestionArtifacts
      hash: md5
      md5: eb0fb7136efd428f270be1df114fb98d.dir
      size: 179177
      nfiles: 1
  data_transformation:
    cmd: python3 -m src.components.data_transformation
    deps:
    - path: artifacts/DataIngestionArtifacts
      hash: md5
      md5: eb0fb7136efd428f270be1df114fb98d.dir
      size: 179177
      nfiles: 1
    - path: src/components/data_transformation.py
      hash: md5
      md5: 53d0069156b2a3dc950bf701d34629a1
      size: 5408
    outs:
    - path: artifacts/DataTransformationArtifacts
      hash: md5
      md5: 6689fdc546f33ada5ed9d14c3a578dd0.dir
      size: 98860
      nfiles: 1
  ModelTraining:
    cmd: python3 -m src.components.model_trainer
    deps:
    - path: artifacts/DataTransformationArtifacts
      hash: md5
      md5: 6689fdc546f33ada5ed9d14c3a578dd0.dir
      size: 98860
      nfiles: 1
    - path: src/components/model_trainer.py
      hash: md5
      md5: a19b713d66c1733147ca0c4359ef2922
      size: 4075
    outs:
    - path: artifacts/ModelTrainingArtifacts/v1_stacked_model.pkl
      hash: md5
      md5: 5584d7ae688045f914bba2d61a7988a3
      size: 18162933
  ModelPusher:
    cmd: python3 -m src.components.model_pusher_mlflow
    deps:
    - path: artifacts/DataTransformationArtifacts
      hash: md5
      md5: 6689fdc546f33ada5ed9d14c3a578dd0.dir
      size: 98860
      nfiles: 1
    - path: src/components/model_pusher_mlflow.py
      hash: md5
      md5: 18bab57865db7c085d3b7388baa2d3d9
      size: 3778
  ModelEvaluation:
    cmd: python3 -m src.components.model_evaluation
    deps:
    - path: artifacts/ModelTrainingArtifacts/
      hash: md5
      md5: d0791aa386f0b0372af953f0a996ee5e.dir
      size: 18266378
      nfiles: 3
    - path: src/components/model_evaluation.py
      hash: md5
      md5: 0fa963026ddcf25599cd7cf2a660f9da
      size: 1976
    outs:
    - path: artifacts/ModelEvaluationArtifacts
      hash: md5
      md5: 54fcf30c9cf2a24c258f77a0e7a029a6.dir
      size: 82
      nfiles: 1
  Mlflow_tracking:
    cmd: python3 -m src.mlflow_tracking.mlflow_logger
    deps:
    - path: src/mlflow_tracking/mlflow_logger.py
      hash: md5
      md5: 5c5ef2b48ad0df3ea077ec5d9a6f94f6
      size: 1282
