schema: '2.0'
stages:
  data_ingestion:
    cmd: python3 -m src.components.data_ingestion
    deps:
    - path: src/components/data_ingestion.py
      hash: md5
      md5: 39f795590f6204cad0144f842daa8fc5
      size: 1335
    outs:
    - path: artifacts/DataIngestionArtifacts
      hash: md5
      md5: eb0fb7136efd428f270be1df114fb98d.dir
      size: 179177
      nfiles: 1
  data_transformation:
    cmd: python3 -m src.components.data_transformation
    deps:
    - path: artifacts/DataIngestionArtifacts
      hash: md5
      md5: eb0fb7136efd428f270be1df114fb98d.dir
      size: 179177
      nfiles: 1
    - path: src/components/data_transformation.py
      hash: md5
      md5: 8a08e4547663fad041c3d2211834ed96
      size: 5738
    outs:
    - path: artifacts/DataTransformationArtifacts
      hash: md5
      md5: 6689fdc546f33ada5ed9d14c3a578dd0.dir
      size: 98860
      nfiles: 1
  ModelTraining:
    cmd: python3 -m src.components.model_trainer
    deps:
    - path: artifacts/DataTransformationArtifacts
      hash: md5
      md5: 6689fdc546f33ada5ed9d14c3a578dd0.dir
      size: 98860
      nfiles: 1
    - path: src/components/model_trainer.py
      hash: md5
      md5: d9bf99948ad02119397d6fbf9e3364f1
      size: 4423
    outs:
    - path: artifacts/ModelTrainingArtifacts/v1_stacked_model.pkl
      hash: md5
      md5: 13faf38bb352b3a1ace98bfacbd29bb1
      size: 18161493
  ModelPusher:
    cmd: python3 -m src.components.model_pusher_mlflow
    deps:
    - path: artifacts/DataTransformationArtifacts
      hash: md5
      md5: 6689fdc546f33ada5ed9d14c3a578dd0.dir
      size: 98860
      nfiles: 1
    - path: src/components/model_pusher_mlflow.py
      hash: md5
      md5: 18bab57865db7c085d3b7388baa2d3d9
      size: 3778
  ModelEvaluation:
    cmd: python3 -m src.components.model_evaluation
    deps:
    - path: artifacts/ModelTrainingArtifacts/
      hash: md5
      md5: 597bd34f7d8532cd73b7c26d32e5b3dc.dir
      size: 18264938
      nfiles: 3
    - path: src/components/model_evaluation.py
      hash: md5
      md5: fc7d32c134d776085bd2e11318666a49
      size: 1992
    outs:
    - path: artifacts/ModelEvaluationArtifacts
      hash: md5
      md5: 13d9f359f02bb7ebc673acb57a98c542.dir
      size: 81
      nfiles: 1
  Mlflow_tracking:
    cmd: python3 -m src.mlflow_tracking.mlflow_logger
    deps:
    - path: src/mlflow_tracking/mlflow_logger.py
      hash: md5
      md5: 52077386485c94599e8228f2f920bc27
      size: 1334
